
Microsoft Visual Studio Solution File, Format Version 12.00
# Visual Studio Version 17
VisualStudioVersion = 17.6.33815.320
MinimumVisualStudioVersion = 10.0.40219.1
Project("{FAE04EC0-301F-11D3-BF4B-00C04F79EFBC}") = "ConsoleAppLibraryApp", "ConsoleAppLibraryApp\ConsoleAppLibraryApp.csproj", "{B377FA16-8127-4ADE-B73D-1D7733CB83DE}"
EndProject
Global
	GlobalSection(SolutionConfigurationPlatforms) = preSolution
		Debug|Any CPU = Debug|Any CPU
		Release|Any CPU = Release|Any CPU
	EndGlobalSection
	GlobalSection(ProjectConfigurationPlatforms) = postSolution
		{B377FA16-8127-4ADE-B73D-1D7733CB83DE}.Debug|Any CPU.ActiveCfg = Debug|Any CPU
		{B377FA16-8127-4ADE-B73D-1D7733CB83DE}.Debug|Any CPU.Build.0 = Debug|Any CPU
		{B377FA16-8127-4ADE-B73D-1D7733CB83DE}.Release|Any CPU.ActiveCfg = Release|Any CPU
		{B377FA16-8127-4ADE-B73D-1D7733CB83DE}.Release|Any CPU.Build.0 = Release|Any CPU
	EndGlobalSection
	GlobalSection(SolutionProperties) = preSolution
		HideSolutionNode = FALSE
	EndGlobalSection
	GlobalSection(ExtensibilityGlobals) = postSolution
		SolutionGuid = {78EAB8EC-BC27-413A-8877-93A67CD1D0D1}
	EndGlobalSection
EndGlobal
